
Microsoft Visual Studio Solution File, Format Version 12.00
# Visual Studio 15
VisualStudioVersion = 15.0.26430.4
MinimumVisualStudioVersion = 10.0.40219.1
Project("{2150E333-8FDC-42A3-9474-1A3956D46DE8}") = "Tests", "Tests", "{D94F35A3-A44D-4AC4-BBED-C578D86572CE}"
EndProject
Project("{9A19103F-16F7-4668-BE54-9A1E7A4F7556}") = "Amazon.DynamoDb", "Amazon.DynamoDb\Amazon.DynamoDb.csproj", "{DBDCA918-5E27-409A-BCD4-A8BC67BF5DEB}"
EndProject
Project("{9A19103F-16F7-4668-BE54-9A1E7A4F7556}") = "Amazon.Kinesis", "Amazon.Kinesis\Amazon.Kinesis.csproj", "{6ED0F320-70E0-4214-8C5C-CC7DB8A30C13}"
EndProject
Project("{9A19103F-16F7-4668-BE54-9A1E7A4F7556}") = "Amazon.Kms", "Amazon.Kms\Amazon.Kms.csproj", "{BA9D9484-3FB0-4858-A6AF-9084F0DD57E9}"
EndProject
Project("{9A19103F-16F7-4668-BE54-9A1E7A4F7556}") = "Amazon.S3", "Amazon.S3\Amazon.S3.csproj", "{509822FC-8656-4FD9-9BE8-79E87DD03499}"
EndProject
Project("{9A19103F-16F7-4668-BE54-9A1E7A4F7556}") = "Amazon.Sqs", "Amazon.Sqs\Amazon.Sqs.csproj", "{EF0D3DB3-F9F5-4139-B2FC-05A697A0FAE6}"
EndProject
Project("{9A19103F-16F7-4668-BE54-9A1E7A4F7556}") = "Amazon.S3.Tests", "Amazon.S3.Tests\Amazon.S3.Tests.csproj", "{32D7C871-E41E-4B0D-9F7B-013C44D7F196}"
EndProject
Project("{9A19103F-16F7-4668-BE54-9A1E7A4F7556}") = "Amazon.DynamoDb.Tests", "Amazon.DynamoDb.Tests\Amazon.DynamoDb.Tests.csproj", "{0D4DE00B-2B0D-4D42-BE30-0741C85B0469}"
EndProject
Project("{9A19103F-16F7-4668-BE54-9A1E7A4F7556}") = "Amazon.Lambda.Tests", "Amazon.Lambda.Tests\Amazon.Lambda.Tests.csproj", "{4CE8863C-0554-48AD-812E-28D5C117F774}"
EndProject
Project("{9A19103F-16F7-4668-BE54-9A1E7A4F7556}") = "Amazon.Lambda", "Amazon.Lambda\Amazon.Lambda.csproj", "{6804E399-AB63-4B06-B2D2-2CCEFC85C852}"
EndProject
Project("{9A19103F-16F7-4668-BE54-9A1E7A4F7556}") = "Amazon.Sns", "Amazon.Sns\Amazon.Sns.csproj", "{19808EFE-1FC8-4A7C-AF6E-D56C244EF2BE}"
EndProject
Project("{9A19103F-16F7-4668-BE54-9A1E7A4F7556}") = "Amazon.Kms.Tests", "Amazon.Kms.Tests\Amazon.Kms.Tests.csproj", "{61DA93BC-30C7-42C7-AC17-745E6110F57C}"
EndProject
Project("{9A19103F-16F7-4668-BE54-9A1E7A4F7556}") = "Amazon.Ses", "Amazon.Ses\Amazon.Ses.csproj", "{72B9D1E3-E8A2-46DA-A2B6-E5F4D86B4E8D}"
EndProject
Project("{9A19103F-16F7-4668-BE54-9A1E7A4F7556}") = "Carbon.Sqs.Tests", "Carbon.Sqs.Tests\Carbon.Sqs.Tests.csproj", "{A1F06B65-1A52-4D9E-9475-F74199699B0A}"
EndProject
Project("{9A19103F-16F7-4668-BE54-9A1E7A4F7556}") = "Amazon.Tests", "Amazon.Tests\Amazon.Tests.csproj", "{9390E070-4155-40D5-9694-C76EF3263AC8}"
EndProject
Project("{9A19103F-16F7-4668-BE54-9A1E7A4F7556}") = "Amazon.Core", "Amazon.Core\Amazon.Core.csproj", "{F4BEFD10-C46E-4896-8AF6-2455C01E49D6}"
EndProject
Project("{9A19103F-16F7-4668-BE54-9A1E7A4F7556}") = "Amazon.Ses.Tests", "Amazon.Ses.Tests\Amazon.Ses.Tests.csproj", "{702D1DF5-F605-4117-8F2E-D1C979660172}"
EndProject
Project("{9A19103F-16F7-4668-BE54-9A1E7A4F7556}") = "Amazon.Kinisis.Tests", "Amazon.Kinisis.Tests\Amazon.Kinisis.Tests.csproj", "{19535B26-2740-4986-A194-CB52A428FFCF}"
EndProject
Project("{9A19103F-16F7-4668-BE54-9A1E7A4F7556}") = "Amazon.Cloudwatch.Tests", "Amazon.Cloudwatch.Tests\Amazon.Cloudwatch.Tests.csproj", "{FBCD6BE3-74B4-46B8-A382-80532FB55427}"
EndProject
Project("{9A19103F-16F7-4668-BE54-9A1E7A4F7556}") = "Amazon.CloudWatch", "Amazon.CloudWatch\Amazon.CloudWatch.csproj", "{35A881ED-E219-4607-A268-CBC6026B6BA8}"
EndProject
Project("{9A19103F-16F7-4668-BE54-9A1E7A4F7556}") = "Amazon.Ec2", "Amazon.Ec2\Amazon.Ec2.csproj", "{0A564600-B6D3-4246-B849-DE03F3B909D9}"
EndProject
Project("{9A19103F-16F7-4668-BE54-9A1E7A4F7556}") = "Amazon.Ec2.Tests", "Amazon.Ec2.Tests\Amazon.Ec2.Tests.csproj", "{0EDF4882-15DA-47EF-8D6E-452F302EB9F5}"
EndProject
Project("{FAE04EC0-301F-11D3-BF4B-00C04F79EFBC}") = "Amazon.Iam", "Amazon.Iam\Amazon.Iam.csproj", "{CEA7E017-F021-4D6D-BE20-974CA6F5B532}"
EndProject
Project("{FAE04EC0-301F-11D3-BF4B-00C04F79EFBC}") = "Amazon.Elb", "Amazon.Elb\Amazon.Elb.csproj", "{1DB2A667-B1AE-47CA-BFC2-F926A7F4F685}"
EndProject
Project("{FAE04EC0-301F-11D3-BF4B-00C04F79EFBC}") = "Amazon.Ssm", "Amazon.Ssm\Amazon.Ssm.csproj", "{E4063E10-97F8-4666-AD20-D50094573569}"
EndProject
Project("{FAE04EC0-301F-11D3-BF4B-00C04F79EFBC}") = "Amazon.Elb.Tests", "Amazon.Elb.Tests\Amazon.Elb.Tests.csproj", "{C6504EBA-5000-41A1-83BD-4DE85995D3F8}"
EndProject
Project("{FAE04EC0-301F-11D3-BF4B-00C04F79EFBC}") = "Amazon.Ssm.Tests", "Amazon.Ssm.Tests\Amazon.Ssm.Tests.csproj", "{427C69EE-21B8-4F63-8EC6-F360E3BA7DCE}"
EndProject
Project("{FAE04EC0-301F-11D3-BF4B-00C04F79EFBC}") = "Amazon.CodeBuild", "Amazon.CodeBuild\Amazon.CodeBuild.csproj", "{65C7099D-F2B5-4261-9370-F00FD3D1CDEE}"
EndProject
Global
	GlobalSection(SolutionConfigurationPlatforms) = preSolution
		Debug|Any CPU = Debug|Any CPU
		Release|Any CPU = Release|Any CPU
	EndGlobalSection
	GlobalSection(ProjectConfigurationPlatforms) = postSolution
		{DBDCA918-5E27-409A-BCD4-A8BC67BF5DEB}.Debug|Any CPU.ActiveCfg = Debug|Any CPU
		{DBDCA918-5E27-409A-BCD4-A8BC67BF5DEB}.Debug|Any CPU.Build.0 = Debug|Any CPU
		{DBDCA918-5E27-409A-BCD4-A8BC67BF5DEB}.Release|Any CPU.ActiveCfg = Release|Any CPU
		{DBDCA918-5E27-409A-BCD4-A8BC67BF5DEB}.Release|Any CPU.Build.0 = Release|Any CPU
		{6ED0F320-70E0-4214-8C5C-CC7DB8A30C13}.Debug|Any CPU.ActiveCfg = Debug|Any CPU
		{6ED0F320-70E0-4214-8C5C-CC7DB8A30C13}.Debug|Any CPU.Build.0 = Debug|Any CPU
		{6ED0F320-70E0-4214-8C5C-CC7DB8A30C13}.Release|Any CPU.ActiveCfg = Release|Any CPU
		{6ED0F320-70E0-4214-8C5C-CC7DB8A30C13}.Release|Any CPU.Build.0 = Release|Any CPU
		{BA9D9484-3FB0-4858-A6AF-9084F0DD57E9}.Debug|Any CPU.ActiveCfg = Debug|Any CPU
		{BA9D9484-3FB0-4858-A6AF-9084F0DD57E9}.Debug|Any CPU.Build.0 = Debug|Any CPU
		{BA9D9484-3FB0-4858-A6AF-9084F0DD57E9}.Release|Any CPU.ActiveCfg = Release|Any CPU
		{BA9D9484-3FB0-4858-A6AF-9084F0DD57E9}.Release|Any CPU.Build.0 = Release|Any CPU
		{509822FC-8656-4FD9-9BE8-79E87DD03499}.Debug|Any CPU.ActiveCfg = Debug|Any CPU
		{509822FC-8656-4FD9-9BE8-79E87DD03499}.Debug|Any CPU.Build.0 = Debug|Any CPU
		{509822FC-8656-4FD9-9BE8-79E87DD03499}.Release|Any CPU.ActiveCfg = Release|Any CPU
		{509822FC-8656-4FD9-9BE8-79E87DD03499}.Release|Any CPU.Build.0 = Release|Any CPU
		{EF0D3DB3-F9F5-4139-B2FC-05A697A0FAE6}.Debug|Any CPU.ActiveCfg = Debug|Any CPU
		{EF0D3DB3-F9F5-4139-B2FC-05A697A0FAE6}.Debug|Any CPU.Build.0 = Debug|Any CPU
		{EF0D3DB3-F9F5-4139-B2FC-05A697A0FAE6}.Release|Any CPU.ActiveCfg = Release|Any CPU
		{EF0D3DB3-F9F5-4139-B2FC-05A697A0FAE6}.Release|Any CPU.Build.0 = Release|Any CPU
		{32D7C871-E41E-4B0D-9F7B-013C44D7F196}.Debug|Any CPU.ActiveCfg = Debug|Any CPU
		{32D7C871-E41E-4B0D-9F7B-013C44D7F196}.Debug|Any CPU.Build.0 = Debug|Any CPU
		{32D7C871-E41E-4B0D-9F7B-013C44D7F196}.Release|Any CPU.ActiveCfg = Release|Any CPU
		{32D7C871-E41E-4B0D-9F7B-013C44D7F196}.Release|Any CPU.Build.0 = Release|Any CPU
		{0D4DE00B-2B0D-4D42-BE30-0741C85B0469}.Debug|Any CPU.ActiveCfg = Debug|Any CPU
		{0D4DE00B-2B0D-4D42-BE30-0741C85B0469}.Debug|Any CPU.Build.0 = Debug|Any CPU
		{0D4DE00B-2B0D-4D42-BE30-0741C85B0469}.Release|Any CPU.ActiveCfg = Release|Any CPU
		{0D4DE00B-2B0D-4D42-BE30-0741C85B0469}.Release|Any CPU.Build.0 = Release|Any CPU
		{4CE8863C-0554-48AD-812E-28D5C117F774}.Debug|Any CPU.ActiveCfg = Debug|Any CPU
		{4CE8863C-0554-48AD-812E-28D5C117F774}.Debug|Any CPU.Build.0 = Debug|Any CPU
		{4CE8863C-0554-48AD-812E-28D5C117F774}.Release|Any CPU.ActiveCfg = Release|Any CPU
		{4CE8863C-0554-48AD-812E-28D5C117F774}.Release|Any CPU.Build.0 = Release|Any CPU
		{6804E399-AB63-4B06-B2D2-2CCEFC85C852}.Debug|Any CPU.ActiveCfg = Debug|Any CPU
		{6804E399-AB63-4B06-B2D2-2CCEFC85C852}.Debug|Any CPU.Build.0 = Debug|Any CPU
		{6804E399-AB63-4B06-B2D2-2CCEFC85C852}.Release|Any CPU.ActiveCfg = Release|Any CPU
		{6804E399-AB63-4B06-B2D2-2CCEFC85C852}.Release|Any CPU.Build.0 = Release|Any CPU
		{19808EFE-1FC8-4A7C-AF6E-D56C244EF2BE}.Debug|Any CPU.ActiveCfg = Debug|Any CPU
		{19808EFE-1FC8-4A7C-AF6E-D56C244EF2BE}.Debug|Any CPU.Build.0 = Debug|Any CPU
		{19808EFE-1FC8-4A7C-AF6E-D56C244EF2BE}.Release|Any CPU.ActiveCfg = Release|Any CPU
		{19808EFE-1FC8-4A7C-AF6E-D56C244EF2BE}.Release|Any CPU.Build.0 = Release|Any CPU
		{61DA93BC-30C7-42C7-AC17-745E6110F57C}.Debug|Any CPU.ActiveCfg = Debug|Any CPU
		{61DA93BC-30C7-42C7-AC17-745E6110F57C}.Debug|Any CPU.Build.0 = Debug|Any CPU
		{61DA93BC-30C7-42C7-AC17-745E6110F57C}.Release|Any CPU.ActiveCfg = Release|Any CPU
		{61DA93BC-30C7-42C7-AC17-745E6110F57C}.Release|Any CPU.Build.0 = Release|Any CPU
		{72B9D1E3-E8A2-46DA-A2B6-E5F4D86B4E8D}.Debug|Any CPU.ActiveCfg = Debug|Any CPU
		{72B9D1E3-E8A2-46DA-A2B6-E5F4D86B4E8D}.Debug|Any CPU.Build.0 = Debug|Any CPU
		{72B9D1E3-E8A2-46DA-A2B6-E5F4D86B4E8D}.Release|Any CPU.ActiveCfg = Release|Any CPU
		{72B9D1E3-E8A2-46DA-A2B6-E5F4D86B4E8D}.Release|Any CPU.Build.0 = Release|Any CPU
		{A1F06B65-1A52-4D9E-9475-F74199699B0A}.Debug|Any CPU.ActiveCfg = Debug|Any CPU
		{A1F06B65-1A52-4D9E-9475-F74199699B0A}.Debug|Any CPU.Build.0 = Debug|Any CPU
		{A1F06B65-1A52-4D9E-9475-F74199699B0A}.Release|Any CPU.ActiveCfg = Release|Any CPU
		{A1F06B65-1A52-4D9E-9475-F74199699B0A}.Release|Any CPU.Build.0 = Release|Any CPU
		{9390E070-4155-40D5-9694-C76EF3263AC8}.Debug|Any CPU.ActiveCfg = Debug|Any CPU
		{9390E070-4155-40D5-9694-C76EF3263AC8}.Debug|Any CPU.Build.0 = Debug|Any CPU
		{9390E070-4155-40D5-9694-C76EF3263AC8}.Release|Any CPU.ActiveCfg = Release|Any CPU
		{9390E070-4155-40D5-9694-C76EF3263AC8}.Release|Any CPU.Build.0 = Release|Any CPU
		{F4BEFD10-C46E-4896-8AF6-2455C01E49D6}.Debug|Any CPU.ActiveCfg = Debug|Any CPU
		{F4BEFD10-C46E-4896-8AF6-2455C01E49D6}.Debug|Any CPU.Build.0 = Debug|Any CPU
		{F4BEFD10-C46E-4896-8AF6-2455C01E49D6}.Release|Any CPU.ActiveCfg = Release|Any CPU
		{F4BEFD10-C46E-4896-8AF6-2455C01E49D6}.Release|Any CPU.Build.0 = Release|Any CPU
		{702D1DF5-F605-4117-8F2E-D1C979660172}.Debug|Any CPU.ActiveCfg = Debug|Any CPU
		{702D1DF5-F605-4117-8F2E-D1C979660172}.Debug|Any CPU.Build.0 = Debug|Any CPU
		{702D1DF5-F605-4117-8F2E-D1C979660172}.Release|Any CPU.ActiveCfg = Release|Any CPU
		{702D1DF5-F605-4117-8F2E-D1C979660172}.Release|Any CPU.Build.0 = Release|Any CPU
		{19535B26-2740-4986-A194-CB52A428FFCF}.Debug|Any CPU.ActiveCfg = Debug|Any CPU
		{19535B26-2740-4986-A194-CB52A428FFCF}.Debug|Any CPU.Build.0 = Debug|Any CPU
		{19535B26-2740-4986-A194-CB52A428FFCF}.Release|Any CPU.ActiveCfg = Release|Any CPU
		{19535B26-2740-4986-A194-CB52A428FFCF}.Release|Any CPU.Build.0 = Release|Any CPU
		{FBCD6BE3-74B4-46B8-A382-80532FB55427}.Debug|Any CPU.ActiveCfg = Debug|Any CPU
		{FBCD6BE3-74B4-46B8-A382-80532FB55427}.Debug|Any CPU.Build.0 = Debug|Any CPU
		{FBCD6BE3-74B4-46B8-A382-80532FB55427}.Release|Any CPU.ActiveCfg = Release|Any CPU
		{FBCD6BE3-74B4-46B8-A382-80532FB55427}.Release|Any CPU.Build.0 = Release|Any CPU
		{35A881ED-E219-4607-A268-CBC6026B6BA8}.Debug|Any CPU.ActiveCfg = Debug|Any CPU
		{35A881ED-E219-4607-A268-CBC6026B6BA8}.Debug|Any CPU.Build.0 = Debug|Any CPU
		{35A881ED-E219-4607-A268-CBC6026B6BA8}.Release|Any CPU.ActiveCfg = Release|Any CPU
		{35A881ED-E219-4607-A268-CBC6026B6BA8}.Release|Any CPU.Build.0 = Release|Any CPU
		{0A564600-B6D3-4246-B849-DE03F3B909D9}.Debug|Any CPU.ActiveCfg = Debug|Any CPU
		{0A564600-B6D3-4246-B849-DE03F3B909D9}.Debug|Any CPU.Build.0 = Debug|Any CPU
		{0A564600-B6D3-4246-B849-DE03F3B909D9}.Release|Any CPU.ActiveCfg = Release|Any CPU
		{0A564600-B6D3-4246-B849-DE03F3B909D9}.Release|Any CPU.Build.0 = Release|Any CPU
		{0EDF4882-15DA-47EF-8D6E-452F302EB9F5}.Debug|Any CPU.ActiveCfg = Debug|Any CPU
		{0EDF4882-15DA-47EF-8D6E-452F302EB9F5}.Debug|Any CPU.Build.0 = Debug|Any CPU
		{0EDF4882-15DA-47EF-8D6E-452F302EB9F5}.Release|Any CPU.ActiveCfg = Release|Any CPU
		{0EDF4882-15DA-47EF-8D6E-452F302EB9F5}.Release|Any CPU.Build.0 = Release|Any CPU
		{CEA7E017-F021-4D6D-BE20-974CA6F5B532}.Debug|Any CPU.ActiveCfg = Debug|Any CPU
		{CEA7E017-F021-4D6D-BE20-974CA6F5B532}.Debug|Any CPU.Build.0 = Debug|Any CPU
		{CEA7E017-F021-4D6D-BE20-974CA6F5B532}.Release|Any CPU.ActiveCfg = Release|Any CPU
		{CEA7E017-F021-4D6D-BE20-974CA6F5B532}.Release|Any CPU.Build.0 = Release|Any CPU
		{1DB2A667-B1AE-47CA-BFC2-F926A7F4F685}.Debug|Any CPU.ActiveCfg = Debug|Any CPU
		{1DB2A667-B1AE-47CA-BFC2-F926A7F4F685}.Debug|Any CPU.Build.0 = Debug|Any CPU
		{1DB2A667-B1AE-47CA-BFC2-F926A7F4F685}.Release|Any CPU.ActiveCfg = Release|Any CPU
		{1DB2A667-B1AE-47CA-BFC2-F926A7F4F685}.Release|Any CPU.Build.0 = Release|Any CPU
		{E4063E10-97F8-4666-AD20-D50094573569}.Debug|Any CPU.ActiveCfg = Debug|Any CPU
		{E4063E10-97F8-4666-AD20-D50094573569}.Debug|Any CPU.Build.0 = Debug|Any CPU
		{E4063E10-97F8-4666-AD20-D50094573569}.Release|Any CPU.ActiveCfg = Release|Any CPU
		{E4063E10-97F8-4666-AD20-D50094573569}.Release|Any CPU.Build.0 = Release|Any CPU
		{C6504EBA-5000-41A1-83BD-4DE85995D3F8}.Debug|Any CPU.ActiveCfg = Debug|Any CPU
		{C6504EBA-5000-41A1-83BD-4DE85995D3F8}.Debug|Any CPU.Build.0 = Debug|Any CPU
		{C6504EBA-5000-41A1-83BD-4DE85995D3F8}.Release|Any CPU.ActiveCfg = Release|Any CPU
		{C6504EBA-5000-41A1-83BD-4DE85995D3F8}.Release|Any CPU.Build.0 = Release|Any CPU
		{427C69EE-21B8-4F63-8EC6-F360E3BA7DCE}.Debug|Any CPU.ActiveCfg = Debug|Any CPU
		{427C69EE-21B8-4F63-8EC6-F360E3BA7DCE}.Debug|Any CPU.Build.0 = Debug|Any CPU
		{427C69EE-21B8-4F63-8EC6-F360E3BA7DCE}.Release|Any CPU.ActiveCfg = Release|Any CPU
		{427C69EE-21B8-4F63-8EC6-F360E3BA7DCE}.Release|Any CPU.Build.0 = Release|Any CPU
		{65C7099D-F2B5-4261-9370-F00FD3D1CDEE}.Debug|Any CPU.ActiveCfg = Debug|Any CPU
		{65C7099D-F2B5-4261-9370-F00FD3D1CDEE}.Debug|Any CPU.Build.0 = Debug|Any CPU
		{65C7099D-F2B5-4261-9370-F00FD3D1CDEE}.Release|Any CPU.ActiveCfg = Release|Any CPU
		{65C7099D-F2B5-4261-9370-F00FD3D1CDEE}.Release|Any CPU.Build.0 = Release|Any CPU
	EndGlobalSection
	GlobalSection(SolutionProperties) = preSolution
		HideSolutionNode = FALSE
	EndGlobalSection
	GlobalSection(NestedProjects) = preSolution
		{32D7C871-E41E-4B0D-9F7B-013C44D7F196} = {D94F35A3-A44D-4AC4-BBED-C578D86572CE}
		{0D4DE00B-2B0D-4D42-BE30-0741C85B0469} = {D94F35A3-A44D-4AC4-BBED-C578D86572CE}
		{4CE8863C-0554-48AD-812E-28D5C117F774} = {D94F35A3-A44D-4AC4-BBED-C578D86572CE}
		{61DA93BC-30C7-42C7-AC17-745E6110F57C} = {D94F35A3-A44D-4AC4-BBED-C578D86572CE}
		{A1F06B65-1A52-4D9E-9475-F74199699B0A} = {D94F35A3-A44D-4AC4-BBED-C578D86572CE}
		{9390E070-4155-40D5-9694-C76EF3263AC8} = {D94F35A3-A44D-4AC4-BBED-C578D86572CE}
		{702D1DF5-F605-4117-8F2E-D1C979660172} = {D94F35A3-A44D-4AC4-BBED-C578D86572CE}
		{19535B26-2740-4986-A194-CB52A428FFCF} = {D94F35A3-A44D-4AC4-BBED-C578D86572CE}
		{FBCD6BE3-74B4-46B8-A382-80532FB55427} = {D94F35A3-A44D-4AC4-BBED-C578D86572CE}
		{0EDF4882-15DA-47EF-8D6E-452F302EB9F5} = {D94F35A3-A44D-4AC4-BBED-C578D86572CE}
		{C6504EBA-5000-41A1-83BD-4DE85995D3F8} = {D94F35A3-A44D-4AC4-BBED-C578D86572CE}
		{427C69EE-21B8-4F63-8EC6-F360E3BA7DCE} = {D94F35A3-A44D-4AC4-BBED-C578D86572CE}
	EndGlobalSection
EndGlobal
